
Microsoft Visual Studio Solution File, Format Version 12.00
# Visual Studio 2012
Project("{FAE04EC0-301F-11D3-BF4B-00C04F79EFBC}") = "ConsoleApplication", "ConsoleApplication.csproj", "{6CB421E5-F95D-4FBB-8F7E-0A17F84C712D}"
EndProject
Global
	GlobalSection(SolutionConfigurationPlatforms) = preSolution
		Debug|Any CPU = Debug|Any CPU
		Release|Any CPU = Release|Any CPU
	EndGlobalSection
	GlobalSection(ProjectConfigurationPlatforms) = postSolution
		{6CB421E5-F95D-4FBB-8F7E-0A17F84C712D}.Debug|Any CPU.ActiveCfg = Debug|Any CPU
		{6CB421E5-F95D-4FBB-8F7E-0A17F84C712D}.Debug|Any CPU.Build.0 = Debug|Any CPU
		{6CB421E5-F95D-4FBB-8F7E-0A17F84C712D}.Release|Any CPU.ActiveCfg = Release|Any CPU
		{6CB421E5-F95D-4FBB-8F7E-0A17F84C712D}.Release|Any CPU.Build.0 = Release|Any CPU
	EndGlobalSection
	GlobalSection(SolutionProperties) = preSolution
		HideSolutionNode = FALSE
	EndGlobalSection
EndGlobal
